{
  "name": "reveal.js-autohide-toolbar",
  "version": "0.1.0",
  "lockfileVersion": 3,
  "requires": true,
  "packages": {
    "": {
      "name": "reveal.js-autohide-toolbar",
      "version": "0.1.0",
      "license": "MIT",
      "devDependencies": {
        "playwright-chromium": "~1.62.1",
        "playwright-webkit": "~1.62.1"
      }
    },
    "node_modules/playwright-chromium": {
      "version": "1.62.1",
      "resolved": "https://registry.npmjs.org/playwright-chromium/-/playwright-chromium-1.62.1.tgz",
      "integrity": "sha512-yRMzeViD44qD1ZVMNupp82NJQNjumZ02W5r7+DmtD5+7aP9+v66a0PsAk63ewpVDH1GxMf/J/mO+TS1sTaK29w==",
      "dev": true,
      "hasInstallScript": true,
      "license": "Apache-2.0",
      "dependencies": {
        "playwright-core": "1.62.1"
      },
      "bin": {
        "playwright": "cli.js"
      },
      "engines": {
        "node": ">=20"
      }
    },
    "node_modules/playwright-core": {
      "version": "1.62.1",
      "resolved": "https://registry.npmjs.org/playwright-core/-/playwright-core-1.62.1.tgz",
      "integrity": "sha512-wPYSwEBJY9GHraISXqyqtx0na0LpO3XEX7jNDhntbex7tzUS7kLnZsOlFruFJB4Hi/rhDMjXGqHewDZ68nYZVw==",
      "dev": true,
      "license": "Apache-2.0",
      "bin": {
        "playwright-core": "cli.js"
      },
      "engines": {
        "node": ">=20"
      }
    },
    "node_modules/playwright-webkit": {
      "version": "1.62.1",
      "resolved": "https://registry.npmjs.org/playwright-webkit/-/playwright-webkit-1.62.1.tgz",
      "integrity": "sha512-n547PR8+rK2xADEuLIo2uaLZOgcX6iQ3Gj8gIICjqLszuiOz47NumXLXdblT4aXs3NkK5OWlL+Qr2CMrb99igA==",
      "dev": true,
      "hasInstallScript": true,
      "license": "Apache-2.0",
      "dependencies": {
        "playwright-core": "1.62.1"
      },
      "bin": {
        "playwright": "cli.js"
      },
      "engines": {
        "node": ">=20"
      }
    }
  }
}
